
Microsoft Visual Studio Solution File, Format Version 12.00
# Visual Studio 15
VisualStudioVersion = 15.0.26124.0
MinimumVisualStudioVersion = 15.0.26124.0
Project("{FAE04EC0-301F-11D3-BF4B-00C04F79EFBC}") = "Domain", "Domain\Domain.csproj", "{CE1655D4-D1A9-453E-961B-CCA61146BEFE}"
EndProject
Project("{FAE04EC0-301F-11D3-BF4B-00C04F79EFBC}") = "Application", "Application\Application.csproj", "{AC2D220B-414D-49A1-A5B4-996D857A8319}"
EndProject
Project("{FAE04EC0-301F-11D3-BF4B-00C04F79EFBC}") = "API", "API\API.csproj", "{4C0C470A-E87D-486A-BDEB-202FBC6C68AA}"
EndProject
Project("{FAE04EC0-301F-11D3-BF4B-00C04F79EFBC}") = "Persistence", "Persistence\Persistence.csproj", "{DE197D2C-6C36-4313-9973-D6D236D3CCE3}"
EndProject
Project("{FAE04EC0-301F-11D3-BF4B-00C04F79EFBC}") = "Infrastracture", "Infrastracture\Infrastracture.csproj", "{C206F0DE-EB43-471E-B11C-7BB843622083}"
EndProject
Global
	GlobalSection(SolutionConfigurationPlatforms) = preSolution
		Debug|Any CPU = Debug|Any CPU
		Debug|x64 = Debug|x64
		Debug|x86 = Debug|x86
		Release|Any CPU = Release|Any CPU
		Release|x64 = Release|x64
		Release|x86 = Release|x86
	EndGlobalSection
	GlobalSection(SolutionProperties) = preSolution
		HideSolutionNode = FALSE
	EndGlobalSection
	GlobalSection(ProjectConfigurationPlatforms) = postSolution
		{CE1655D4-D1A9-453E-961B-CCA61146BEFE}.Debug|Any CPU.ActiveCfg = Debug|Any CPU
		{CE1655D4-D1A9-453E-961B-CCA61146BEFE}.Debug|Any CPU.Build.0 = Debug|Any CPU
		{CE1655D4-D1A9-453E-961B-CCA61146BEFE}.Debug|x64.ActiveCfg = Debug|Any CPU
		{CE1655D4-D1A9-453E-961B-CCA61146BEFE}.Debug|x64.Build.0 = Debug|Any CPU
		{CE1655D4-D1A9-453E-961B-CCA61146BEFE}.Debug|x86.ActiveCfg = Debug|Any CPU
		{CE1655D4-D1A9-453E-961B-CCA61146BEFE}.Debug|x86.Build.0 = Debug|Any CPU
		{CE1655D4-D1A9-453E-961B-CCA61146BEFE}.Release|Any CPU.ActiveCfg = Release|Any CPU
		{CE1655D4-D1A9-453E-961B-CCA61146BEFE}.Release|Any CPU.Build.0 = Release|Any CPU
		{CE1655D4-D1A9-453E-961B-CCA61146BEFE}.Release|x64.ActiveCfg = Release|Any CPU
		{CE1655D4-D1A9-453E-961B-CCA61146BEFE}.Release|x64.Build.0 = Release|Any CPU
		{CE1655D4-D1A9-453E-961B-CCA61146BEFE}.Release|x86.ActiveCfg = Release|Any CPU
		{CE1655D4-D1A9-453E-961B-CCA61146BEFE}.Release|x86.Build.0 = Release|Any CPU
		{AC2D220B-414D-49A1-A5B4-996D857A8319}.Debug|Any CPU.ActiveCfg = Debug|Any CPU
		{AC2D220B-414D-49A1-A5B4-996D857A8319}.Debug|Any CPU.Build.0 = Debug|Any CPU
		{AC2D220B-414D-49A1-A5B4-996D857A8319}.Debug|x64.ActiveCfg = Debug|Any CPU
		{AC2D220B-414D-49A1-A5B4-996D857A8319}.Debug|x64.Build.0 = Debug|Any CPU
		{AC2D220B-414D-49A1-A5B4-996D857A8319}.Debug|x86.ActiveCfg = Debug|Any CPU
		{AC2D220B-414D-49A1-A5B4-996D857A8319}.Debug|x86.Build.0 = Debug|Any CPU
		{AC2D220B-414D-49A1-A5B4-996D857A8319}.Release|Any CPU.ActiveCfg = Release|Any CPU
		{AC2D220B-414D-49A1-A5B4-996D857A8319}.Release|Any CPU.Build.0 = Release|Any CPU
		{AC2D220B-414D-49A1-A5B4-996D857A8319}.Release|x64.ActiveCfg = Release|Any CPU
		{AC2D220B-414D-49A1-A5B4-996D857A8319}.Release|x64.Build.0 = Release|Any CPU
		{AC2D220B-414D-49A1-A5B4-996D857A8319}.Release|x86.ActiveCfg = Release|Any CPU
		{AC2D220B-414D-49A1-A5B4-996D857A8319}.Release|x86.Build.0 = Release|Any CPU
		{4C0C470A-E87D-486A-BDEB-202FBC6C68AA}.Debug|Any CPU.ActiveCfg = Debug|Any CPU
		{4C0C470A-E87D-486A-BDEB-202FBC6C68AA}.Debug|Any CPU.Build.0 = Debug|Any CPU
		{4C0C470A-E87D-486A-BDEB-202FBC6C68AA}.Debug|x64.ActiveCfg = Debug|Any CPU
		{4C0C470A-E87D-486A-BDEB-202FBC6C68AA}.Debug|x64.Build.0 = Debug|Any CPU
		{4C0C470A-E87D-486A-BDEB-202FBC6C68AA}.Debug|x86.ActiveCfg = Debug|Any CPU
		{4C0C470A-E87D-486A-BDEB-202FBC6C68AA}.Debug|x86.Build.0 = Debug|Any CPU
		{4C0C470A-E87D-486A-BDEB-202FBC6C68AA}.Release|Any CPU.ActiveCfg = Release|Any CPU
		{4C0C470A-E87D-486A-BDEB-202FBC6C68AA}.Release|Any CPU.Build.0 = Release|Any CPU
		{4C0C470A-E87D-486A-BDEB-202FBC6C68AA}.Release|x64.ActiveCfg = Release|Any CPU
		{4C0C470A-E87D-486A-BDEB-202FBC6C68AA}.Release|x64.Build.0 = Release|Any CPU
		{4C0C470A-E87D-486A-BDEB-202FBC6C68AA}.Release|x86.ActiveCfg = Release|Any CPU
		{4C0C470A-E87D-486A-BDEB-202FBC6C68AA}.Release|x86.Build.0 = Release|Any CPU
		{DE197D2C-6C36-4313-9973-D6D236D3CCE3}.Debug|Any CPU.ActiveCfg = Debug|Any CPU
		{DE197D2C-6C36-4313-9973-D6D236D3CCE3}.Debug|Any CPU.Build.0 = Debug|Any CPU
		{DE197D2C-6C36-4313-9973-D6D236D3CCE3}.Debug|x64.ActiveCfg = Debug|Any CPU
		{DE197D2C-6C36-4313-9973-D6D236D3CCE3}.Debug|x64.Build.0 = Debug|Any CPU
		{DE197D2C-6C36-4313-9973-D6D236D3CCE3}.Debug|x86.ActiveCfg = Debug|Any CPU
		{DE197D2C-6C36-4313-9973-D6D236D3CCE3}.Debug|x86.Build.0 = Debug|Any CPU
		{DE197D2C-6C36-4313-9973-D6D236D3CCE3}.Release|Any CPU.ActiveCfg = Release|Any CPU
		{DE197D2C-6C36-4313-9973-D6D236D3CCE3}.Release|Any CPU.Build.0 = Release|Any CPU
		{DE197D2C-6C36-4313-9973-D6D236D3CCE3}.Release|x64.ActiveCfg = Release|Any CPU
		{DE197D2C-6C36-4313-9973-D6D236D3CCE3}.Release|x64.Build.0 = Release|Any CPU
		{DE197D2C-6C36-4313-9973-D6D236D3CCE3}.Release|x86.ActiveCfg = Release|Any CPU
		{DE197D2C-6C36-4313-9973-D6D236D3CCE3}.Release|x86.Build.0 = Release|Any CPU
		{C206F0DE-EB43-471E-B11C-7BB843622083}.Debug|Any CPU.ActiveCfg = Debug|Any CPU
		{C206F0DE-EB43-471E-B11C-7BB843622083}.Debug|Any CPU.Build.0 = Debug|Any CPU
		{C206F0DE-EB43-471E-B11C-7BB843622083}.Debug|x64.ActiveCfg = Debug|Any CPU
		{C206F0DE-EB43-471E-B11C-7BB843622083}.Debug|x64.Build.0 = Debug|Any CPU
		{C206F0DE-EB43-471E-B11C-7BB843622083}.Debug|x86.ActiveCfg = Debug|Any CPU
		{C206F0DE-EB43-471E-B11C-7BB843622083}.Debug|x86.Build.0 = Debug|Any CPU
		{C206F0DE-EB43-471E-B11C-7BB843622083}.Release|Any CPU.ActiveCfg = Release|Any CPU
		{C206F0DE-EB43-471E-B11C-7BB843622083}.Release|Any CPU.Build.0 = Release|Any CPU
		{C206F0DE-EB43-471E-B11C-7BB843622083}.Release|x64.ActiveCfg = Release|Any CPU
		{C206F0DE-EB43-471E-B11C-7BB843622083}.Release|x64.Build.0 = Release|Any CPU
		{C206F0DE-EB43-471E-B11C-7BB843622083}.Release|x86.ActiveCfg = Release|Any CPU
		{C206F0DE-EB43-471E-B11C-7BB843622083}.Release|x86.Build.0 = Release|Any CPU
	EndGlobalSection
EndGlobal
